
Microsoft Visual Studio Solution File, Format Version 12.00
# Visual Studio Version 16
VisualStudioVersion = 16.0.29324.140
MinimumVisualStudioVersion = 10.0.40219.1
Project("{9A19103F-16F7-4668-BE54-9A1E7A4F7556}") = "AuctionSite", "AuctionSite\AuctionSite.csproj", "{01CD4713-156D-4BC9-8D04-C87AF844A339}"
EndProject
Project("{FAE04EC0-301F-11D3-BF4B-00C04F79EFBC}") = "AuctionSiteTests", "AuctionSiteTests\AuctionSiteTests.csproj", "{67E62BE4-9179-4E02-8824-71309E80723F}"
EndProject
Global
	GlobalSection(SolutionConfigurationPlatforms) = preSolution
		Debug|Any CPU = Debug|Any CPU
		Release|Any CPU = Release|Any CPU
	EndGlobalSection
	GlobalSection(ProjectConfigurationPlatforms) = postSolution
		{01CD4713-156D-4BC9-8D04-C87AF844A339}.Debug|Any CPU.ActiveCfg = Debug|Any CPU
		{01CD4713-156D-4BC9-8D04-C87AF844A339}.Debug|Any CPU.Build.0 = Debug|Any CPU
		{01CD4713-156D-4BC9-8D04-C87AF844A339}.Release|Any CPU.ActiveCfg = Release|Any CPU
		{01CD4713-156D-4BC9-8D04-C87AF844A339}.Release|Any CPU.Build.0 = Release|Any CPU
		{67E62BE4-9179-4E02-8824-71309E80723F}.Debug|Any CPU.ActiveCfg = Debug|Any CPU
		{67E62BE4-9179-4E02-8824-71309E80723F}.Debug|Any CPU.Build.0 = Debug|Any CPU
		{67E62BE4-9179-4E02-8824-71309E80723F}.Release|Any CPU.ActiveCfg = Release|Any CPU
		{67E62BE4-9179-4E02-8824-71309E80723F}.Release|Any CPU.Build.0 = Release|Any CPU
	EndGlobalSection
	GlobalSection(SolutionProperties) = preSolution
		HideSolutionNode = FALSE
	EndGlobalSection
	GlobalSection(ExtensibilityGlobals) = postSolution
		SolutionGuid = {0F2B1B2A-EE48-4D60-97B7-745BDEAECB50}
	EndGlobalSection
EndGlobal
